
Microsoft Visual Studio Solution File, Format Version 12.00
# Visual Studio Version 16
VisualStudioVersion = 16.0.31205.134
MinimumVisualStudioVersion = 10.0.40219.1
Project("{FAE04EC0-301F-11D3-BF4B-00C04F79EFBC}") = "TemelEgitim2", "TemelEgitim2.csproj", "{17C99F6D-71D1-4145-A125-F770739F0E6D}"
EndProject
Global
	GlobalSection(SolutionConfigurationPlatforms) = preSolution
		Debug|Any CPU = Debug|Any CPU
		Release|Any CPU = Release|Any CPU
	EndGlobalSection
	GlobalSection(ProjectConfigurationPlatforms) = postSolution
		{17C99F6D-71D1-4145-A125-F770739F0E6D}.Debug|Any CPU.ActiveCfg = Debug|Any CPU
		{17C99F6D-71D1-4145-A125-F770739F0E6D}.Debug|Any CPU.Build.0 = Debug|Any CPU
		{17C99F6D-71D1-4145-A125-F770739F0E6D}.Release|Any CPU.ActiveCfg = Release|Any CPU
		{17C99F6D-71D1-4145-A125-F770739F0E6D}.Release|Any CPU.Build.0 = Release|Any CPU
	EndGlobalSection
	GlobalSection(SolutionProperties) = preSolution
		HideSolutionNode = FALSE
	EndGlobalSection
	GlobalSection(ExtensibilityGlobals) = postSolution
		SolutionGuid = {B754B31C-1E1C-4CA0-823E-193B7D5F4B42}
	EndGlobalSection
EndGlobal
